
Microsoft Visual Studio Solution File, Format Version 12.00
# Visual Studio Version 17
VisualStudioVersion = 17.0.31903.59
MinimumVisualStudioVersion = 10.0.40219.1
Project("{2150E333-8FDC-42A3-9474-1A3956D46DE8}") = "src", "src", "{827E0CD3-B72D-47B6-A68D-7590B98EB39B}"
EndProject
Project("{FAE04EC0-301F-11D3-BF4B-00C04F79EFBC}") = "CP6.Platform.Abstractions", "src\CP6.Platform.Abstractions\CP6.Platform.Abstractions.csproj", "{EB158E48-A8EA-4D2C-8ED3-26E84E89F5EB}"
EndProject
Project("{FAE04EC0-301F-11D3-BF4B-00C04F79EFBC}") = "CP6.Platform.AspNetCore", "src\CP6.Platform.AspNetCore\CP6.Platform.AspNetCore.csproj", "{15A2B6F0-D26A-4A37-B36A-38FFDB418FB0}"
EndProject
Project("{FAE04EC0-301F-11D3-BF4B-00C04F79EFBC}") = "CP6.Platform.Contracts", "src\CP6.Platform.Contracts\CP6.Platform.Contracts.csproj", "{BC158F0F-B931-4941-A2AB-F1608166BCD5}"
EndProject
Project("{FAE04EC0-301F-11D3-BF4B-00C04F79EFBC}") = "CP6.Platform.EntityFramework", "src\CP6.Platform.EntityFramework\CP6.Platform.EntityFramework.csproj", "{AC96EB05-3842-4F3F-8EE2-A16810B54A56}"
EndProject
Project("{FAE04EC0-301F-11D3-BF4B-00C04F79EFBC}") = "CP6.Platform.Messaging", "src\CP6.Platform.Messaging\CP6.Platform.Messaging.csproj", "{FAC278DF-57C0-426E-B420-A0EB0C516419}"
EndProject
Project("{FAE04EC0-301F-11D3-BF4B-00C04F79EFBC}") = "CP6.Platform.Testing", "src\CP6.Platform.Testing\CP6.Platform.Testing.csproj", "{A25D96FC-5F75-47C9-A348-0839CEBD8F81}"
EndProject
Project("{2150E333-8FDC-42A3-9474-1A3956D46DE8}") = "tests", "tests", "{0AB3BF05-4346-4AA6-1389-037BE0695223}"
EndProject
Project("{FAE04EC0-301F-11D3-BF4B-00C04F79EFBC}") = "CP6.Platform.ArchitectureTests", "tests\CP6.Platform.ArchitectureTests\CP6.Platform.ArchitectureTests.csproj", "{E453DFBD-7D39-4630-8916-75C688DFA5DD}"
EndProject
Project("{FAE04EC0-301F-11D3-BF4B-00C04F79EFBC}") = "CP6.Platform.UnitTests", "tests\CP6.Platform.UnitTests\CP6.Platform.UnitTests.csproj", "{8E3843E2-4183-41FF-8F6E-3B3D0065A03F}"
EndProject
Project("{FAE04EC0-301F-11D3-BF4B-00C04F79EFBC}") = "CP6.Platform.AspNetCoreTests", "tests\CP6.Platform.AspNetCoreTests\CP6.Platform.AspNetCoreTests.csproj", "{8011D49B-99C9-4D33-97FF-A89D6DF02BE9}"
EndProject
Project("{FAE04EC0-301F-11D3-BF4B-00C04F79EFBC}") = "CP6.Platform.DaprKafkaFixture", "tests\CP6.Platform.DaprKafkaFixture\CP6.Platform.DaprKafkaFixture.csproj", "{46EE5507-2D21-4B0B-9243-464BCEB52F1D}"
EndProject
Global
	GlobalSection(SolutionConfigurationPlatforms) = preSolution
		Debug|Any CPU = Debug|Any CPU
		Debug|x64 = Debug|x64
		Debug|x86 = Debug|x86
		Release|Any CPU = Release|Any CPU
		Release|x64 = Release|x64
		Release|x86 = Release|x86
	EndGlobalSection
	GlobalSection(ProjectConfigurationPlatforms) = postSolution
		{EB158E48-A8EA-4D2C-8ED3-26E84E89F5EB}.Debug|Any CPU.ActiveCfg = Debug|Any CPU
		{EB158E48-A8EA-4D2C-8ED3-26E84E89F5EB}.Debug|Any CPU.Build.0 = Debug|Any CPU
		{EB158E48-A8EA-4D2C-8ED3-26E84E89F5EB}.Debug|x64.ActiveCfg = Debug|Any CPU
		{EB158E48-A8EA-4D2C-8ED3-26E84E89F5EB}.Debug|x64.Build.0 = Debug|Any CPU
		{EB158E48-A8EA-4D2C-8ED3-26E84E89F5EB}.Debug|x86.ActiveCfg = Debug|Any CPU
		{EB158E48-A8EA-4D2C-8ED3-26E84E89F5EB}.Debug|x86.Build.0 = Debug|Any CPU
		{EB158E48-A8EA-4D2C-8ED3-26E84E89F5EB}.Release|Any CPU.ActiveCfg = Release|Any CPU
		{EB158E48-A8EA-4D2C-8ED3-26E84E89F5EB}.Release|Any CPU.Build.0 = Release|Any CPU
		{EB158E48-A8EA-4D2C-8ED3-26E84E89F5EB}.Release|x64.ActiveCfg = Release|Any CPU
		{EB158E48-A8EA-4D2C-8ED3-26E84E89F5EB}.Release|x64.Build.0 = Release|Any CPU
		{EB158E48-A8EA-4D2C-8ED3-26E84E89F5EB}.Release|x86.ActiveCfg = Release|Any CPU
		{EB158E48-A8EA-4D2C-8ED3-26E84E89F5EB}.Release|x86.Build.0 = Release|Any CPU
		{15A2B6F0-D26A-4A37-B36A-38FFDB418FB0}.Debug|Any CPU.ActiveCfg = Debug|Any CPU
		{15A2B6F0-D26A-4A37-B36A-38FFDB418FB0}.Debug|Any CPU.Build.0 = Debug|Any CPU
		{15A2B6F0-D26A-4A37-B36A-38FFDB418FB0}.Debug|x64.ActiveCfg = Debug|Any CPU
		{15A2B6F0-D26A-4A37-B36A-38FFDB418FB0}.Debug|x64.Build.0 = Debug|Any CPU
		{15A2B6F0-D26A-4A37-B36A-38FFDB418FB0}.Debug|x86.ActiveCfg = Debug|Any CPU
		{15A2B6F0-D26A-4A37-B36A-38FFDB418FB0}.Debug|x86.Build.0 = Debug|Any CPU
		{15A2B6F0-D26A-4A37-B36A-38FFDB418FB0}.Release|Any CPU.ActiveCfg = Release|Any CPU
		{15A2B6F0-D26A-4A37-B36A-38FFDB418FB0}.Release|Any CPU.Build.0 = Release|Any CPU
		{15A2B6F0-D26A-4A37-B36A-38FFDB418FB0}.Release|x64.ActiveCfg = Release|Any CPU
		{15A2B6F0-D26A-4A37-B36A-38FFDB418FB0}.Release|x64.Build.0 = Release|Any CPU
		{15A2B6F0-D26A-4A37-B36A-38FFDB418FB0}.Release|x86.ActiveCfg = Release|Any CPU
		{15A2B6F0-D26A-4A37-B36A-38FFDB418FB0}.Release|x86.Build.0 = Release|Any CPU
		{BC158F0F-B931-4941-A2AB-F1608166BCD5}.Debug|Any CPU.ActiveCfg = Debug|Any CPU
		{BC158F0F-B931-4941-A2AB-F1608166BCD5}.Debug|Any CPU.Build.0 = Debug|Any CPU
		{BC158F0F-B931-4941-A2AB-F1608166BCD5}.Debug|x64.ActiveCfg = Debug|Any CPU
		{BC158F0F-B931-4941-A2AB-F1608166BCD5}.Debug|x64.Build.0 = Debug|Any CPU
		{BC158F0F-B931-4941-A2AB-F1608166BCD5}.Debug|x86.ActiveCfg = Debug|Any CPU
		{BC158F0F-B931-4941-A2AB-F1608166BCD5}.Debug|x86.Build.0 = Debug|Any CPU
		{BC158F0F-B931-4941-A2AB-F1608166BCD5}.Release|Any CPU.ActiveCfg = Release|Any CPU
		{BC158F0F-B931-4941-A2AB-F1608166BCD5}.Release|Any CPU.Build.0 = Release|Any CPU
		{BC158F0F-B931-4941-A2AB-F1608166BCD5}.Release|x64.ActiveCfg = Release|Any CPU
		{BC158F0F-B931-4941-A2AB-F1608166BCD5}.Release|x64.Build.0 = Release|Any CPU
		{BC158F0F-B931-4941-A2AB-F1608166BCD5}.Release|x86.ActiveCfg = Release|Any CPU
		{BC158F0F-B931-4941-A2AB-F1608166BCD5}.Release|x86.Build.0 = Release|Any CPU
		{AC96EB05-3842-4F3F-8EE2-A16810B54A56}.Debug|Any CPU.ActiveCfg = Debug|Any CPU
		{AC96EB05-3842-4F3F-8EE2-A16810B54A56}.Debug|Any CPU.Build.0 = Debug|Any CPU
		{AC96EB05-3842-4F3F-8EE2-A16810B54A56}.Debug|x64.ActiveCfg = Debug|Any CPU
		{AC96EB05-3842-4F3F-8EE2-A16810B54A56}.Debug|x64.Build.0 = Debug|Any CPU
		{AC96EB05-3842-4F3F-8EE2-A16810B54A56}.Debug|x86.ActiveCfg = Debug|Any CPU
		{AC96EB05-3842-4F3F-8EE2-A16810B54A56}.Debug|x86.Build.0 = Debug|Any CPU
		{AC96EB05-3842-4F3F-8EE2-A16810B54A56}.Release|Any CPU.ActiveCfg = Release|Any CPU
		{AC96EB05-3842-4F3F-8EE2-A16810B54A56}.Release|Any CPU.Build.0 = Release|Any CPU
		{AC96EB05-3842-4F3F-8EE2-A16810B54A56}.Release|x64.ActiveCfg = Release|Any CPU
		{AC96EB05-3842-4F3F-8EE2-A16810B54A56}.Release|x64.Build.0 = Release|Any CPU
		{AC96EB05-3842-4F3F-8EE2-A16810B54A56}.Release|x86.ActiveCfg = Release|Any CPU
		{AC96EB05-3842-4F3F-8EE2-A16810B54A56}.Release|x86.Build.0 = Release|Any CPU
		{FAC278DF-57C0-426E-B420-A0EB0C516419}.Debug|Any CPU.ActiveCfg = Debug|Any CPU
		{FAC278DF-57C0-426E-B420-A0EB0C516419}.Debug|Any CPU.Build.0 = Debug|Any CPU
		{FAC278DF-57C0-426E-B420-A0EB0C516419}.Debug|x64.ActiveCfg = Debug|Any CPU
		{FAC278DF-57C0-426E-B420-A0EB0C516419}.Debug|x64.Build.0 = Debug|Any CPU
		{FAC278DF-57C0-426E-B420-A0EB0C516419}.Debug|x86.ActiveCfg = Debug|Any CPU
		{FAC278DF-57C0-426E-B420-A0EB0C516419}.Debug|x86.Build.0 = Debug|Any CPU
		{FAC278DF-57C0-426E-B420-A0EB0C516419}.Release|Any CPU.ActiveCfg = Release|Any CPU
		{FAC278DF-57C0-426E-B420-A0EB0C516419}.Release|Any CPU.Build.0 = Release|Any CPU
		{FAC278DF-57C0-426E-B420-A0EB0C516419}.Release|x64.ActiveCfg = Release|Any CPU
		{FAC278DF-57C0-426E-B420-A0EB0C516419}.Release|x64.Build.0 = Release|Any CPU
		{FAC278DF-57C0-426E-B420-A0EB0C516419}.Release|x86.ActiveCfg = Release|Any CPU
		{FAC278DF-57C0-426E-B420-A0EB0C516419}.Release|x86.Build.0 = Release|Any CPU
		{A25D96FC-5F75-47C9-A348-0839CEBD8F81}.Debug|Any CPU.ActiveCfg = Debug|Any CPU
		{A25D96FC-5F75-47C9-A348-0839CEBD8F81}.Debug|Any CPU.Build.0 = Debug|Any CPU
		{A25D96FC-5F75-47C9-A348-0839CEBD8F81}.Debug|x64.ActiveCfg = Debug|Any CPU
		{A25D96FC-5F75-47C9-A348-0839CEBD8F81}.Debug|x64.Build.0 = Debug|Any CPU
		{A25D96FC-5F75-47C9-A348-0839CEBD8F81}.Debug|x86.ActiveCfg = Debug|Any CPU
		{A25D96FC-5F75-47C9-A348-0839CEBD8F81}.Debug|x86.Build.0 = Debug|Any CPU
		{A25D96FC-5F75-47C9-A348-0839CEBD8F81}.Release|Any CPU.ActiveCfg = Release|Any CPU
		{A25D96FC-5F75-47C9-A348-0839CEBD8F81}.Release|Any CPU.Build.0 = Release|Any CPU
		{A25D96FC-5F75-47C9-A348-0839CEBD8F81}.Release|x64.ActiveCfg = Release|Any CPU
		{A25D96FC-5F75-47C9-A348-0839CEBD8F81}.Release|x64.Build.0 = Release|Any CPU
		{A25D96FC-5F75-47C9-A348-0839CEBD8F81}.Release|x86.ActiveCfg = Release|Any CPU
		{A25D96FC-5F75-47C9-A348-0839CEBD8F81}.Release|x86.Build.0 = Release|Any CPU
		{E453DFBD-7D39-4630-8916-75C688DFA5DD}.Debug|Any CPU.ActiveCfg = Debug|Any CPU
		{E453DFBD-7D39-4630-8916-75C688DFA5DD}.Debug|Any CPU.Build.0 = Debug|Any CPU
		{E453DFBD-7D39-4630-8916-75C688DFA5DD}.Debug|x64.ActiveCfg = Debug|Any CPU
		{E453DFBD-7D39-4630-8916-75C688DFA5DD}.Debug|x64.Build.0 = Debug|Any CPU
		{E453DFBD-7D39-4630-8916-75C688DFA5DD}.Debug|x86.ActiveCfg = Debug|Any CPU
		{E453DFBD-7D39-4630-8916-75C688DFA5DD}.Debug|x86.Build.0 = Debug|Any CPU
		{E453DFBD-7D39-4630-8916-75C688DFA5DD}.Release|Any CPU.ActiveCfg = Release|Any CPU
		{E453DFBD-7D39-4630-8916-75C688DFA5DD}.Release|Any CPU.Build.0 = Release|Any CPU
		{E453DFBD-7D39-4630-8916-75C688DFA5DD}.Release|x64.ActiveCfg = Release|Any CPU
		{E453DFBD-7D39-4630-8916-75C688DFA5DD}.Release|x64.Build.0 = Release|Any CPU
		{E453DFBD-7D39-4630-8916-75C688DFA5DD}.Release|x86.ActiveCfg = Release|Any CPU
		{E453DFBD-7D39-4630-8916-75C688DFA5DD}.Release|x86.Build.0 = Release|Any CPU
		{8E3843E2-4183-41FF-8F6E-3B3D0065A03F}.Debug|Any CPU.ActiveCfg = Debug|Any CPU
		{8E3843E2-4183-41FF-8F6E-3B3D0065A03F}.Debug|Any CPU.Build.0 = Debug|Any CPU
		{8E3843E2-4183-41FF-8F6E-3B3D0065A03F}.Debug|x64.ActiveCfg = Debug|Any CPU
		{8E3843E2-4183-41FF-8F6E-3B3D0065A03F}.Debug|x64.Build.0 = Debug|Any CPU
		{8E3843E2-4183-41FF-8F6E-3B3D0065A03F}.Debug|x86.ActiveCfg = Debug|Any CPU
		{8E3843E2-4183-41FF-8F6E-3B3D0065A03F}.Debug|x86.Build.0 = Debug|Any CPU
		{8E3843E2-4183-41FF-8F6E-3B3D0065A03F}.Release|Any CPU.ActiveCfg = Release|Any CPU
		{8E3843E2-4183-41FF-8F6E-3B3D0065A03F}.Release|Any CPU.Build.0 = Release|Any CPU
		{8E3843E2-4183-41FF-8F6E-3B3D0065A03F}.Release|x64.ActiveCfg = Release|Any CPU
		{8E3843E2-4183-41FF-8F6E-3B3D0065A03F}.Release|x64.Build.0 = Release|Any CPU
		{8E3843E2-4183-41FF-8F6E-3B3D0065A03F}.Release|x86.ActiveCfg = Release|Any CPU
		{8E3843E2-4183-41FF-8F6E-3B3D0065A03F}.Release|x86.Build.0 = Release|Any CPU
		{8011D49B-99C9-4D33-97FF-A89D6DF02BE9}.Debug|Any CPU.ActiveCfg = Debug|Any CPU
		{8011D49B-99C9-4D33-97FF-A89D6DF02BE9}.Debug|Any CPU.Build.0 = Debug|Any CPU
		{8011D49B-99C9-4D33-97FF-A89D6DF02BE9}.Debug|x64.ActiveCfg = Debug|Any CPU
		{8011D49B-99C9-4D33-97FF-A89D6DF02BE9}.Debug|x64.Build.0 = Debug|Any CPU
		{8011D49B-99C9-4D33-97FF-A89D6DF02BE9}.Debug|x86.ActiveCfg = Debug|Any CPU
		{8011D49B-99C9-4D33-97FF-A89D6DF02BE9}.Debug|x86.Build.0 = Debug|Any CPU
		{8011D49B-99C9-4D33-97FF-A89D6DF02BE9}.Release|Any CPU.ActiveCfg = Release|Any CPU
		{8011D49B-99C9-4D33-97FF-A89D6DF02BE9}.Release|Any CPU.Build.0 = Release|Any CPU
		{8011D49B-99C9-4D33-97FF-A89D6DF02BE9}.Release|x64.ActiveCfg = Release|Any CPU
		{8011D49B-99C9-4D33-97FF-A89D6DF02BE9}.Release|x64.Build.0 = Release|Any CPU
		{8011D49B-99C9-4D33-97FF-A89D6DF02BE9}.Release|x86.ActiveCfg = Release|Any CPU
		{8011D49B-99C9-4D33-97FF-A89D6DF02BE9}.Release|x86.Build.0 = Release|Any CPU
		{46EE5507-2D21-4B0B-9243-464BCEB52F1D}.Debug|Any CPU.ActiveCfg = Debug|Any CPU
		{46EE5507-2D21-4B0B-9243-464BCEB52F1D}.Debug|Any CPU.Build.0 = Debug|Any CPU
		{46EE5507-2D21-4B0B-9243-464BCEB52F1D}.Debug|x64.ActiveCfg = Debug|Any CPU
		{46EE5507-2D21-4B0B-9243-464BCEB52F1D}.Debug|x64.Build.0 = Debug|Any CPU
		{46EE5507-2D21-4B0B-9243-464BCEB52F1D}.Debug|x86.ActiveCfg = Debug|Any CPU
		{46EE5507-2D21-4B0B-9243-464BCEB52F1D}.Debug|x86.Build.0 = Debug|Any CPU
		{46EE5507-2D21-4B0B-9243-464BCEB52F1D}.Release|Any CPU.ActiveCfg = Release|Any CPU
		{46EE5507-2D21-4B0B-9243-464BCEB52F1D}.Release|Any CPU.Build.0 = Release|Any CPU
		{46EE5507-2D21-4B0B-9243-464BCEB52F1D}.Release|x64.ActiveCfg = Release|Any CPU
		{46EE5507-2D21-4B0B-9243-464BCEB52F1D}.Release|x64.Build.0 = Release|Any CPU
		{46EE5507-2D21-4B0B-9243-464BCEB52F1D}.Release|x86.ActiveCfg = Release|Any CPU
		{46EE5507-2D21-4B0B-9243-464BCEB52F1D}.Release|x86.Build.0 = Release|Any CPU
	EndGlobalSection
	GlobalSection(SolutionProperties) = preSolution
		HideSolutionNode = FALSE
	EndGlobalSection
	GlobalSection(NestedProjects) = preSolution
		{EB158E48-A8EA-4D2C-8ED3-26E84E89F5EB} = {827E0CD3-B72D-47B6-A68D-7590B98EB39B}
		{15A2B6F0-D26A-4A37-B36A-38FFDB418FB0} = {827E0CD3-B72D-47B6-A68D-7590B98EB39B}
		{BC158F0F-B931-4941-A2AB-F1608166BCD5} = {827E0CD3-B72D-47B6-A68D-7590B98EB39B}
		{AC96EB05-3842-4F3F-8EE2-A16810B54A56} = {827E0CD3-B72D-47B6-A68D-7590B98EB39B}
		{FAC278DF-57C0-426E-B420-A0EB0C516419} = {827E0CD3-B72D-47B6-A68D-7590B98EB39B}
		{A25D96FC-5F75-47C9-A348-0839CEBD8F81} = {827E0CD3-B72D-47B6-A68D-7590B98EB39B}
		{E453DFBD-7D39-4630-8916-75C688DFA5DD} = {0AB3BF05-4346-4AA6-1389-037BE0695223}
		{8E3843E2-4183-41FF-8F6E-3B3D0065A03F} = {0AB3BF05-4346-4AA6-1389-037BE0695223}
		{8011D49B-99C9-4D33-97FF-A89D6DF02BE9} = {0AB3BF05-4346-4AA6-1389-037BE0695223}
		{46EE5507-2D21-4B0B-9243-464BCEB52F1D} = {0AB3BF05-4346-4AA6-1389-037BE0695223}
	EndGlobalSection
EndGlobal
